
Microsoft Visual Studio Solution File, Format Version 12.00
# Visual Studio Version 17
VisualStudioVersion = 17.1.32407.343
MinimumVisualStudioVersion = 10.0.40219.1
Project("{FAE04EC0-301F-11D3-BF4B-00C04F79EFBC}") = "TextCapitalizer", "TextCapitalizer\TextCapitalizer.csproj", "{EF65ED3A-6DD2-47DC-A002-BB8198181991}"
EndProject
Global
	GlobalSection(SolutionConfigurationPlatforms) = preSolution
		Debug|Any CPU = Debug|Any CPU
		Release|Any CPU = Release|Any CPU
	EndGlobalSection
	GlobalSection(ProjectConfigurationPlatforms) = postSolution
		{EF65ED3A-6DD2-47DC-A002-BB8198181991}.Debug|Any CPU.ActiveCfg = Debug|Any CPU
		{EF65ED3A-6DD2-47DC-A002-BB8198181991}.Debug|Any CPU.Build.0 = Debug|Any CPU
		{EF65ED3A-6DD2-47DC-A002-BB8198181991}.Release|Any CPU.ActiveCfg = Release|Any CPU
		{EF65ED3A-6DD2-47DC-A002-BB8198181991}.Release|Any CPU.Build.0 = Release|Any CPU
	EndGlobalSection
	GlobalSection(SolutionProperties) = preSolution
		HideSolutionNode = FALSE
	EndGlobalSection
	GlobalSection(ExtensibilityGlobals) = postSolution
		SolutionGuid = {E3C919CF-D101-4122-B31F-93A7D1A58E1F}
	EndGlobalSection
EndGlobal
